lockfileVersion: '9.0'

settings:
  autoInstallPeers: true
  excludeLinksFromLockfile: false

importers:

  .:
    dependencies:
      ml-matrix:
        specifier: 6.14.0
        version: 6.14.0
    devDependencies:
      '@types/node':
        specifier: ^24.0.0
        version: 24.13.3
      typescript:
        specifier: ^5.9.0
        version: 5.9.3

packages:

  '@types/node@24.13.3':
    resolution: {integrity: sha512-Dh8vAsV36ig5wa9OX4pXvMc9D3Veibfw2wix0CUwYODLD8nkj9UsLjASr49nPg+2eKzxhBV+v7L8pXvT4e639Q==}

  is-any-array@3.0.0:
    resolution: {integrity: sha512-o4h+tylWykC4BD1vaejp6gDxoM13bwW8FGuNs4yIKpj8xbBJcRxJx8vZpq0dCr7ZDEfeKjmsi/euolKhX6f/ww==}

  ml-array-max@2.0.0:
    resolution: {integrity: sha512-QQZ4kENwpWmyNb98UXRDFXrmtIXuXtt1+bSbda/2KA85+F+rrJP8hZk6QOkCQXM2Th9mUDYdq/PNByPdT9ID4A==}

  ml-array-min@2.0.0:
    resolution: {integrity: sha512-GRj6Ky6sW9vGL6yIjgsHmXZ9YgrdmcQ8nCxPqEGeKc6dkfYg1XDYxGFxADUjNuZyoCd5PUscWAS4N+cFaX6hFg==}

  ml-array-rescale@2.0.0:
    resolution: {integrity: sha512-2GGtKfSno94/kIloWGvpp/U5Q5vLvLrza+SAaGsLeo6Xj4mEbA6Gqx+oTfZFkxnd1grT2X007HfJNs3T5BsiVg==}

  ml-matrix@6.14.0:
    resolution: {integrity: sha512-5W31+w+6jIm05l85N3Ik04fl+5LfN1lyJLBrEM/r/j7YmvwRclcUyQGXGFWXnN7ASzVjsAnAa3FUXrduAt168A==}

  typescript@5.9.3:
    resolution: {integrity: sha512-jl1vZzPDinLr9eUt3J/t7V6FgNEw9QjvBPdysz9KfQDD41fQrC2Y4vKQdiaUpFT4bXlb1RHhLpp8wtm6M5TgSw==}
    engines: {node: '>=14.17'}
    hasBin: true

  undici-types@7.18.2:
    resolution: {integrity: sha512-AsuCzffGHJybSaRrmr5eHr81mwJU3kjw6M+uprWvCXiNeN9SOGwQ3Jn8jb8m3Z6izVgknn1R0FTCEAP2QrLY/w==}

snapshots:

  '@types/node@24.13.3':
    dependencies:
      undici-types: 7.18.2

  is-any-array@3.0.0: {}

  ml-array-max@2.0.0:
    dependencies:
      is-any-array: 3.0.0

  ml-array-min@2.0.0:
    dependencies:
      is-any-array: 3.0.0

  ml-array-rescale@2.0.0:
    dependencies:
      is-any-array: 3.0.0
      ml-array-max: 2.0.0
      ml-array-min: 2.0.0

  ml-matrix@6.14.0:
    dependencies:
      is-any-array: 3.0.0
      ml-array-rescale: 2.0.0

  typescript@5.9.3: {}

  undici-types@7.18.2: {}
